github.com/MarcosTypeAP/go-rnnoise v1.1.0 h1:5FR9z/DPv4A3IzyTsLeINWk8dgDWh9xggQyYFv2XnLw=
github.com/MarcosTypeAP/go-rnnoise v1.1.0/go.mod h1:bOtQERNhfI+s9v0gs0Rt3WfFUFPS+CfqDjLtzzgMKCc=
github.com/ebitengine/oto/v3 v3.4.1 h1:uX7B03/P2P8oWiSI5HXjyjSP4besYn3V9nDk3cR+eIY=
github.com/ebitengine/oto/v3 v3.4.1/go.mod h1:IOleLVD0m+CMak3mRVwsYY8vTctQgOM0iiL6S7Ar7eI=
github.com/ebitengine/purego v0.9.0 h1:mh0zpKBIXDceC63hpvPuGLiJ8ZAa3DfrFTudmfi8A4k=
github.com/ebitengine/purego v0.9.0/go.mod h1:iIjxzd6CiRiOG0UyXP+V1+jWqUXVjPKLAI0mRfJZTmQ=
github.com/gen2brain/malgo v0.11.26 h1:k5WcPIKw1bbJAbPqrvNPt7nehPLoaPNcOFde2+eruiM=
github.com/gen2brain/malgo v0.11.26/go.mod h1:xLVG3ROA33Bzol1quF3e4ehqcFuqh8QK4B8T6LQUs/M=
github.com/pion/opus v0.1.1-0.20260828191211-6393603fc131 h1:LXkL9XncctiKyXTHzq1GQhAeScWhPEQev7ofmWQssw8=
github.com/pion/opus v0.1.1-0.20260828191211-6393603fc131/go.mod h1:5l4peFc2c/mybJriaIUmWc2WQj69xjWj6L95JtmbLA8=
github.com/rolandhe/go-vad v0.0.0-20260516173913-73b02b0699ec h1:DEvect5aaRiBnrD/X/iZXuR+8vH78Tz8D9PghtUmVg8=
github.com/rolandhe/go-vad v0.0.0-20260516173913-73b02b0699ec/go.mod h1:L9Yrfnjq3/70QplJUN0D7aEW/2BxbH0T6Yyu/B1Xc6E=
github.com/stretchr/testify v1.12.0 h1:K6Mr6jO9JICuend/5xzTM03ydSV3vdNRYAdPSukj8uI=
github.com/stretchr/testify v1.12.0/go.mod h1:bOYBZb5qJ00vPzWfIqBUZPaxK8jWiXc6d3ErP4Ca9Gw=
golang.org/x/sys v0.36.0 h1:KVRy2GtZBrk1cBYA7MKu5bEZFxQk4NIDV6RLVcC8o0k=
golang.org/x/sys v0.36.0/go.mod h1:OgkHotnGiDImocRcuBABYBEXf8A9a87e/uXjp9XT3ks=
gopkg.in/yaml.v3 v3.0.1 h1:fxVm/GzAzEWqLHuvctI91KS9hhNmmWOoWu0XTYJS7CA=
gopkg.in/yaml.v3 v3.0.1/go.mod h1:K4uyk7z7BCEPqu6E+C64Yfv1cQ7kz7rIZviUmN+EgEM=
